// !$*UTF8*$!
{
	archiveVersion = 1;
	classes = {
	};
	objectVersion = 56;
	objects = {

/* Begin PBXBuildFile section */
		045A85632A3BBE6E00D826DC /* AppDelegate.swift in Sources */ = {isa = PBXBuildFile; fileRef = 045A85622A3BBE6E00D826DC /* AppDelegate.swift */; };
		045A85652A3BBE6E00D826DC /* SceneDelegate.swift in Sources */ = {isa = PBXBuildFile; fileRef = 045A85642A3BBE6E00D826DC /* SceneDelegate.swift */; };
		045A85672A3BBE6E00D826DC /* ViewController.swift in Sources */ = {isa = PBXBuildFile; fileRef = 045A85662A3BBE6E00D826DC /* ViewController.swift */; };
		045A856A2A3BBE6E00D826DC /* Main.storyboard in Resources */ = {isa = PBXBuildFile; fileRef = 045A85682A3BBE6E00D826DC /* Main.storyboard */; };
		045A856C2A3BBE6F00D826DC /* Assets.xcassets in Resources */ = {isa = PBXBuildFile; fileRef = 045A856B2A3BBE6F00D826DC /* Assets.xcassets */; };
		045A856F2A3BBE6F00D826DC /* LaunchScreen.storyboard in Resources */ = {isa = PBXBuildFile; fileRef = 045A856D2A3BBE6F00D826DC /* LaunchScreen.storyboard */; };
		045A85772A3BC6F400D826DC /* GoogleService-Info.plist in Resources */ = {isa = PBXBuildFile; fileRef = 045A85762A3BC6F400D826DC /* GoogleService-Info.plist */; };
		045A85792A3BDA5300D826DC /* FeedViewController.swift in Sources */ = {isa = PBXBuildFile; fileRef = 045A85782A3BDA5300D826DC /* FeedViewController.swift */; };
		045A857B2A3BDA7100D826DC /* UploadViewController.swift in Sources */ = {isa = PBXBuildFile; fileRef = 045A857A2A3BDA7100D826DC /* UploadViewController.swift */; };
		045A857D2A3BDA7D00D826DC /* SettingsViewController.swift in Sources */ = {isa = PBXBuildFile; fileRef = 045A857C2A3BDA7D00D826DC /* SettingsViewController.swift */; };
		045A857F2A3D214000D826DC /* FeedCell.swift in Sources */ = {isa = PBXBuildFile; fileRef = 045A857E2A3D214000D826DC /* FeedCell.swift */; };
		045A859C2A4177F100D826DC /* UserNotifications.framework in Frameworks */ = {isa = PBXBuildFile; fileRef = 045A85852A41768600D826DC /* UserNotifications.framework */; };
		045A859D2A4177F100D826DC /* UserNotificationsUI.framework in Frameworks */ = {isa = PBXBuildFile; fileRef = 045A85872A41768700D826DC /* UserNotificationsUI.framework */; };
		045A85A02A4177F100D826DC /* NotificationService.swift in Sources */ = {isa = PBXBuildFile; fileRef = 045A859F2A4177F100D826DC /* NotificationService.swift */; };
		045A85A32A4177F100D826DC /* MainInterface.storyboard in Resources */ = {isa = PBXBuildFile; fileRef = 045A85A12A4177F100D826DC /* MainInterface.storyboard */; };
		045A85A72A4177F100D826DC /* OneSignalNotificationServiceExtension.appex in Embed Foundation Extensions */ = {isa = PBXBuildFile; fileRef = 045A859B2A4177F100D826DC /* OneSignalNotificationServiceExtension.appex */; settings = {ATTRIBUTES = (RemoveHeadersOnCopy, ); }; };
		2408483DA417558B1B45A2E0 /* Pods_InstaCloneFirebase.framework in Frameworks */ = {isa = PBXBuildFile; fileRef = 8419BD5A3D51D2022C2E5FD0 /* Pods_InstaCloneFirebase.framework */; };
		8E20EBD44067FE6FAAB2DF7E /* Pods_OneSignalNotificationServiceExtension.framework in Frameworks */ = {isa = PBXBuildFile; fileRef = B6FDA8D43D7F5B650FB21CF6 /* Pods_OneSignalNotificationServiceExtension.framework */; };
/* End PBXBuildFile section */

/* Begin PBXContainerItemProxy section */
		045A85A52A4177F100D826DC /* PBXContainerItemProxy */ = {
			isa = PBXContainerItemProxy;
			containerPortal = 045A85572A3BBE6E00D826DC /* Project object */;
			proxyType = 1;
			remoteGlobalIDString = 045A859A2A4177F100D826DC;
			remoteInfo = OneSignalNotificationServiceExtension;
		};
/* End PBXContainerItemProxy section */

/* Begin PBXCopyFilesBuildPhase section */
		045A85932A41768700D826DC /* Embed Foundation Extensions */ = {
			isa = PBXCopyFilesBuildPhase;
			buildActionMask = 2147483647;
			dstPath = "";
			dstSubfolderSpec = 13;
			files = (
				045A85A72A4177F100D826DC /* OneSignalNotificationServiceExtension.appex in Embed Foundation Extensions */,
			);
			name = "Embed Foundation Extensions";
			runOnlyForDeploymentPostprocessing = 0;
		};
/* End PBXCopyFilesBuildPhase section */

/* Begin PBXFileReference section */
		045A855F2A3BBE6E00D826DC /* InstaCloneFirebase.app */ = {isa = PBXFileReference; explicitFileType = wrapper.application; includeInIndex = 0; path = InstaCloneFirebase.app; sourceTree = BUILT_PRODUCTS_DIR; };
		045A85622A3BBE6E00D826DC /* AppDelegate.swift */ = {isa = PBXFileReference; lastKnownFileType = sourcecode.swift; path = AppDelegate.swift; sourceTree = "<group>"; };
		045A85642A3BBE6E00D826DC /* SceneDelegate.swift */ = {isa = PBXFileReference; lastKnownFileType = sourcecode.swift; path = SceneDelegate.swift; sourceTree = "<group>"; };
		045A85662A3BBE6E00D826DC /* ViewController.swift */ = {isa = PBXFileReference; lastKnownFileType = sourcecode.swift; path = ViewController.swift; sourceTree = "<group>"; };
		045A85692A3BBE6E00D826DC /* Base */ = {isa = PBXFileReference; lastKnownFileType = file.storyboard; name = Base; path = Base.lproj/Main.storyboard; sourceTree = "<group>"; };
		045A856B2A3BBE6F00D826DC /* Assets.xcassets */ = {isa = PBXFileReference; lastKnownFileType = folder.assetcatalog; path = Assets.xcassets; sourceTree = "<group>"; };
		045A856E2A3BBE6F00D826DC /* Base */ = {isa = PBXFileReference; lastKnownFileType = file.storyboard; name = Base; path = Base.lproj/LaunchScreen.storyboard; sourceTree = "<group>"; };
		045A85702A3BBE6F00D826DC /* Info.plist */ = {isa = PBXFileReference; lastKnownFileType = text.plist.xml; path = Info.plist; sourceTree = "<group>"; };
		045A85762A3BC6F400D826DC /* GoogleService-Info.plist */ = {isa = PBXFileReference; fileEncoding = 4; lastKnownFileType = text.plist.xml; path = "GoogleService-Info.plist"; sourceTree = "<group>"; };
		045A85782A3BDA5300D826DC /* FeedViewController.swift */ = {isa = PBXFileReference; lastKnownFileType = sourcecode.swift; path = FeedViewController.swift; sourceTree = "<group>"; };
		045A857A2A3BDA7100D826DC /* UploadViewController.swift */ = {isa = PBXFileReference; lastKnownFileType = sourcecode.swift; path = UploadViewController.swift; sourceTree = "<group>"; };
		045A857C2A3BDA7D00D826DC /* SettingsViewController.swift */ = {isa = PBXFileReference; lastKnownFileType = sourcecode.swift; path = SettingsViewController.swift; sourceTree = "<group>"; };
		045A857E2A3D214000D826DC /* FeedCell.swift */ = {isa = PBXFileReference; lastKnownFileType = sourcecode.swift; path = FeedCell.swift; sourceTree = "<group>"; };
		045A85852A41768600D826DC /* UserNotifications.framework */ = {isa = PBXFileReference; lastKnownFileType = wrapper.framework; name = UserNotifications.framework; path = System/Library/Frameworks/UserNotifications.framework; sourceTree = SDKROOT; };
		045A85872A41768700D826DC /* UserNotificationsUI.framework */ = {isa = PBXFileReference; lastKnownFileType = wrapper.framework; name = UserNotificationsUI.framework; path = System/Library/Frameworks/UserNotificationsUI.framework; sourceTree = SDKROOT; };
		045A859B2A4177F100D826DC /* OneSignalNotificationServiceExtension.appex */ = {isa = PBXFileReference; explicitFileType = "wrapper.app-extension"; includeInIndex = 0; path = OneSignalNotificationServiceExtension.appex; sourceTree = BUILT_PRODUCTS_DIR; };
		045A859F2A4177F100D826DC /* NotificationService.swift */ = {isa = PBXFileReference; lastKnownFileType = sourcecode.swift; path = NotificationService.swift; sourceTree = "<group>"; };
		045A85A22A4177F100D826DC /* Base */ = {isa = PBXFileReference; lastKnownFileType = file.storyboard; name = Base; path = Base.lproj/MainInterface.storyboard; sourceTree = "<group>"; };
		045A85A42A4177F100D826DC /* Info.plist */ = {isa = PBXFileReference; lastKnownFileType = text.plist.xml; path = Info.plist; sourceTree = "<group>"; };
		045A85AB2A41799C00D826DC /* InstaCloneFirebase.entitlements */ = {isa = PBXFileReference; lastKnownFileType = text.plist.entitlements; path = InstaCloneFirebase.entitlements; sourceTree = "<group>"; };
		49FA0A569E64D5056F862795 /* Pods-OneSignalNotificationServiceExtension.release.xcconfig */ = {isa = PBXFileReference; includeInIndex = 1; lastKnownFileType = text.xcconfig; name = "Pods-OneSignalNotificationServiceExtension.release.xcconfig"; path = "Target Support Files/Pods-OneSignalNotificationServiceExtension/Pods-OneSignalNotificationServiceExtension.release.xcconfig"; sourceTree = "<group>"; };
		8419BD5A3D51D2022C2E5FD0 /* Pods_InstaCloneFirebase.framework */ = {isa = PBXFileReference; explicitFileType = wrapper.framework; includeInIndex = 0; path = Pods_InstaCloneFirebase.framework; sourceTree = BUILT_PRODUCTS_DIR; };
		B1D5677C03C079F89AE8783A /* Pods-InstaCloneFirebase.debug.xcconfig */ = {isa = PBXFileReference; includeInIndex = 1; lastKnownFileType = text.xcconfig; name = "Pods-InstaCloneFirebase.debug.xcconfig"; path = "Target Support Files/Pods-InstaCloneFirebase/Pods-InstaCloneFirebase.debug.xcconfig"; sourceTree = "<group>"; };
		B6FDA8D43D7F5B650FB21CF6 /* Pods_OneSignalNotificationServiceExtension.framework */ = {isa = PBXFileReference; explicitFileType = wrapper.framework; includeInIndex = 0; path = Pods_OneSignalNotificationServiceExtension.framework; sourceTree = BUILT_PRODUCTS_DIR; };
		CE342B2AB8E560EFB05F15A6 /* Pods-InstaCloneFirebase.release.xcconfig */ = {isa = PBXFileReference; includeInIndex = 1; lastKnownFileType = text.xcconfig; name = "Pods-InstaCloneFirebase.release.xcconfig"; path = "Target Support Files/Pods-InstaCloneFirebase/Pods-InstaCloneFirebase.release.xcconfig"; sourceTree = "<group>"; };
		FE834C06CE7DE0C6DF3F2C86 /* Pods-OneSignalNotificationServiceExtension.debug.xcconfig */ = {isa = PBXFileReference; includeInIndex = 1; lastKnownFileType = text.xcconfig; name = "Pods-OneSignalNotificationServiceExtension.debug.xcconfig"; path = "Target Support Files/Pods-OneSignalNotificationServiceExtension/Pods-OneSignalNotificationServiceExtension.debug.xcconfig"; sourceTree = "<group>"; };
/* End PBXFileReference section */

/* Begin PBXFrameworksBuildPhase section */
		045A855C2A3BBE6E00D826DC /* Frameworks */ = {
			isa = PBXFrameworksBuildPhase;
			buildActionMask = 2147483647;
			files = (
				2408483DA417558B1B45A2E0 /* Pods_InstaCloneFirebase.framework in Frameworks */,
			);
			runOnlyForDeploymentPostprocessing = 0;
		};
		045A85982A4177F100D826DC /* Frameworks */ = {
			isa = PBXFrameworksBuildPhase;
			buildActionMask = 2147483647;
			files = (
				045A859D2A4177F100D826DC /* UserNotificationsUI.framework in Frameworks */,
				045A859C2A4177F100D826DC /* UserNotifications.framework in Frameworks */,
				8E20EBD44067FE6FAAB2DF7E /* Pods_OneSignalNotificationServiceExtension.framework in Frameworks */,
			);
			runOnlyForDeploymentPostprocessing = 0;
		};
/* End PBXFrameworksBuildPhase section */

/* Begin PBXGroup section */
		045A85562A3BBE6E00D826DC = {
			isa = PBXGroup;
			children = (
				045A85612A3BBE6E00D826DC /* InstaCloneFirebase */,
				045A859E2A4177F100D826DC /* OneSignalNotificationServiceExtension */,
				045A85602A3BBE6E00D826DC /* Products */,
				8A28DA20829540DCB8CC28CD /* Pods */,
				FB8F67D345AD7306C721FA32 /* Frameworks */,
			);
			sourceTree = "<group>";
		};
		045A85602A3BBE6E00D826DC /* Products */ = {
			isa = PBXGroup;
			children = (
				045A855F2A3BBE6E00D826DC /* InstaCloneFirebase.app */,
				045A859B2A4177F100D826DC /* OneSignalNotificationServiceExtension.appex */,
			);
			name = Products;
			sourceTree = "<group>";
		};
		045A85612A3BBE6E00D826DC /* InstaCloneFirebase */ = {
			isa = PBXGroup;
			children = (
				045A85AB2A41799C00D826DC /* InstaCloneFirebase.entitlements */,
				045A85622A3BBE6E00D826DC /* AppDelegate.swift */,
				045A85642A3BBE6E00D826DC /* SceneDelegate.swift */,
				045A85662A3BBE6E00D826DC /* ViewController.swift */,
				045A85782A3BDA5300D826DC /* FeedViewController.swift */,
				045A85682A3BBE6E00D826DC /* Main.storyboard */,
				045A857E2A3D214000D826DC /* FeedCell.swift */,
				045A857A2A3BDA7100D826DC /* UploadViewController.swift */,
				045A857C2A3BDA7D00D826DC /* SettingsViewController.swift */,
				045A856B2A3BBE6F00D826DC /* Assets.xcassets */,
				045A856D2A3BBE6F00D826DC /* LaunchScreen.storyboard */,
				045A85702A3BBE6F00D826DC /* Info.plist */,
				045A85762A3BC6F400D826DC /* GoogleService-Info.plist */,
			);
			path = InstaCloneFirebase;
			sourceTree = "<group>";
		};
		045A859E2A4177F100D826DC /* OneSignalNotificationServiceExtension */ = {
			isa = PBXGroup;
			children = (
				045A859F2A4177F100D826DC /* NotificationService.swift */,
				045A85A12A4177F100D826DC /* MainInterface.storyboard */,
				045A85A42A4177F100D826DC /* Info.plist */,
			);
			path = OneSignalNotificationServiceExtension;
			sourceTree = "<group>";
		};
		8A28DA20829540DCB8CC28CD /* Pods */ = {
			isa = PBXGroup;
			children = (
				B1D5677C03C079F89AE8783A /* Pods-InstaCloneFirebase.debug.xcconfig */,
				CE342B2AB8E560EFB05F15A6 /* Pods-InstaCloneFirebase.release.xcconfig */,
				FE834C06CE7DE0C6DF3F2C86 /* Pods-OneSignalNotificationServiceExtension.debug.xcconfig */,
				49FA0A569E64D5056F862795 /* Pods-OneSignalNotificationServiceExtension.release.xcconfig */,
			);
			path = Pods;
			sourceTree = "<group>";
		};
		FB8F67D345AD7306C721FA32 /* Frameworks */ = {
			isa = PBXGroup;
			children = (
				8419BD5A3D51D2022C2E5FD0 /* Pods_InstaCloneFirebase.framework */,
				045A85852A41768600D826DC /* UserNotifications.framework */,
				045A85872A41768700D826DC /* UserNotificationsUI.framework */,
				B6FDA8D43D7F5B650FB21CF6 /* Pods_OneSignalNotificationServiceExtension.framework */,
			);
			name = Frameworks;
			sourceTree = "<group>";
		};
/* End PBXGroup section */

/* Begin PBXNativeTarget section */
		045A855E2A3BBE6E00D826DC /* InstaCloneFirebase */ = {
			isa = PBXNativeTarget;
			buildConfigurationList = 045A85732A3BBE6F00D826DC /* Build configuration list for PBXNativeTarget "InstaCloneFirebase" */;
			buildPhases = (
				166F811107C966E453200570 /* [CP] Check Pods Manifest.lock */,
				045A855B2A3BBE6E00D826DC /* Sources */,
				045A855C2A3BBE6E00D826DC /* Frameworks */,
				045A855D2A3BBE6E00D826DC /* Resources */,
				A8E47898306E657C00960514 /* [CP] Embed Pods Frameworks */,
				045A85932A41768700D826DC /* Embed Foundation Extensions */,
			);
			buildRules = (
			);
			dependencies = (
				045A85A62A4177F100D826DC /* PBXTargetDependency */,
			);
			name = InstaCloneFirebase;
			productName = InstaCloneFirebase;
			productReference = 045A855F2A3BBE6E00D826DC /* InstaCloneFirebase.app */;
			productType = "com.apple.product-type.application";
		};
		045A859A2A4177F100D826DC /* OneSignalNotificationServiceExtension */ = {
			isa = PBXNativeTarget;
			buildConfigurationList = 045A85A82A4177F100D826DC /* Build configuration list for PBXNativeTarget "OneSignalNotificationServiceExtension" */;
			buildPhases = (
				8D9CE1B87E998528735C8749 /* [CP] Check Pods Manifest.lock */,
				045A85972A4177F100D826DC /* Sources */,
				045A85982A4177F100D826DC /* Frameworks */,
				045A85992A4177F100D826DC /* Resources */,
			);
			buildRules = (
			);
			dependencies = (
			);
			name = OneSignalNotificationServiceExtension;
			productName = OneSignalNotificationServiceExtension;
			productReference = 045A859B2A4177F100D826DC /* OneSignalNotificationServiceExtension.appex */;
			productType = "com.apple.product-type.app-extension";
		};
/* End PBXNativeTarget section */

/* Begin PBXProject section */
		045A85572A3BBE6E00D826DC /* Project object */ = {
			isa = PBXProject;
			attributes = {
				BuildIndependentTargetsInParallel = 1;
				LastSwiftUpdateCheck = 1420;
				LastUpgradeCheck = 1420;
				TargetAttributes = {
					045A855E2A3BBE6E00D826DC = {
						CreatedOnToolsVersion = 14.2;
					};
					045A859A2A4177F100D826DC = {
						CreatedOnToolsVersion = 14.2;
					};
				};
			};
			buildConfigurationList = 045A855A2A3BBE6E00D826DC /* Build configuration list for PBXProject "InstaCloneFirebase" */;
			compatibilityVersion = "Xcode 14.0";
			developmentRegion = en;
			hasScannedForEncodings = 0;
			knownRegions = (
				en,
				Base,
			);
			mainGroup = 045A85562A3BBE6E00D826DC;
			productRefGroup = 045A85602A3BBE6E00D826DC /* Products */;
			projectDirPath = "";
			projectRoot = "";
			targets = (
				045A855E2A3BBE6E00D826DC /* InstaCloneFirebase */,
				045A859A2A4177F100D826DC /* OneSignalNotificationServiceExtension */,
			);
		};
/* End PBXProject section */

/* Begin PBXResourcesBuildPhase section */
		045A855D2A3BBE6E00D826DC /* Resources */ = {
			isa = PBXResourcesBuildPhase;
			buildActionMask = 2147483647;
			files = (
				045A856F2A3BBE6F00D826DC /* LaunchScreen.storyboard in Resources */,
				045A85772A3BC6F400D826DC /* GoogleService-Info.plist in Resources */,
				045A856C2A3BBE6F00D826DC /* Assets.xcassets in Resources */,
				045A856A2A3BBE6E00D826DC /* Main.storyboard in Resources */,
			);
			runOnlyForDeploymentPostprocessing = 0;
		};
		045A85992A4177F100D826DC /* Resources */ = {
			isa = PBXResourcesBuildPhase;
			buildActionMask = 2147483647;
			files = (
				045A85A32A4177F100D826DC /* MainInterface.storyboard in Resources */,
			);
			runOnlyForDeploymentPostprocessing = 0;
		};
/* End PBXResourcesBuildPhase section */

/* Begin PBXShellScriptBuildPhase section */
		166F811107C966E453200570 /* [CP] Check Pods Manifest.lock */ = {
			isa = PBXShellScriptBuildPhase;
			buildActionMask = 2147483647;
			files = (
			);
			inputFileListPaths = (
			);
			inputPaths = (
				"${PODS_PODFILE_DIR_PATH}/Podfile.lock",
				"${PODS_ROOT}/Manifest.lock",
			);
			name = "[CP] Check Pods Manifest.lock";
			outputFileListPaths = (
			);
			outputPaths = (
				"$(DERIVED_FILE_DIR)/Pods-InstaCloneFirebase-checkManifestLockResult.txt",
			);
			runOnlyForDeploymentPostprocessing = 0;
			shellPath = /bin/sh;
			shellScript = "diff \"${PODS_PODFILE_DIR_PATH}/Podfile.lock\" \"${PODS_ROOT}/Manifest.lock\" > /dev/null\nif [ $? != 0 ] ; then\n    # print error to STDERR\n    echo \"error: The sandbox is not in sync with the Podfile.lock. Run 'pod install' or update your CocoaPods installation.\" >&2\n    exit 1\nfi\n# This output is used by Xcode 'outputs' to avoid re-running this script phase.\necho \"SUCCESS\" > \"${SCRIPT_OUTPUT_FILE_0}\"\n";
			showEnvVarsInLog = 0;
		};
		8D9CE1B87E998528735C8749 /* [CP] Check Pods Manifest.lock */ = {
			isa = PBXShellScriptBuildPhase;
			buildActionMask = 2147483647;
			files = (
			);
			inputFileListPaths = (
			);
			inputPaths = (
				"${PODS_PODFILE_DIR_PATH}/Podfile.lock",
				"${PODS_ROOT}/Manifest.lock",
			);
			name = "[CP] Check Pods Manifest.lock";
			outputFileListPaths = (
			);
			outputPaths = (
				"$(DERIVED_FILE_DIR)/Pods-OneSignalNotificationServiceExtension-checkManifestLockResult.txt",
			);
			runOnlyForDeploymentPostprocessing = 0;
			shellPath = /bin/sh;
			shellScript = "diff \"${PODS_PODFILE_DIR_PATH}/Podfile.lock\" \"${PODS_ROOT}/Manifest.lock\" > /dev/null\nif [ $? != 0 ] ; then\n    # print error to STDERR\n    echo \"error: The sandbox is not in sync with the Podfile.lock. Run 'pod install' or update your CocoaPods installation.\" >&2\n    exit 1\nfi\n# This output is used by Xcode 'outputs' to avoid re-running this script phase.\necho \"SUCCESS\" > \"${SCRIPT_OUTPUT_FILE_0}\"\n";
			showEnvVarsInLog = 0;
		};
		A8E47898306E657C00960514 /* [CP] Embed Pods Frameworks */ = {
			isa = PBXShellScriptBuildPhase;
			buildActionMask = 2147483647;
			files = (
			);
			inputFileListPaths = (
				"${PODS_ROOT}/Target Support Files/Pods-InstaCloneFirebase/Pods-InstaCloneFirebase-frameworks-${CONFIGURATION}-input-files.xcfilelist",
			);
			name = "[CP] Embed Pods Frameworks";
			outputFileListPaths = (
				"${PODS_ROOT}/Target Support Files/Pods-InstaCloneFirebase/Pods-InstaCloneFirebase-frameworks-${CONFIGURATION}-output-files.xcfilelist",
			);
			runOnlyForDeploymentPostprocessing = 0;
			shellPath = /bin/sh;
			shellScript = "\"${PODS_ROOT}/Target Support Files/Pods-InstaCloneFirebase/Pods-InstaCloneFirebase-frameworks.sh\"\n";
			showEnvVarsInLog = 0;
		};
/* End PBXShellScriptBuildPhase section */

/* Begin PBXSourcesBuildPhase section */
		045A855B2A3BBE6E00D826DC /* Sources */ = {
			isa = PBXSourcesBuildPhase;
			buildActionMask = 2147483647;
			files = (
				045A857F2A3D214000D826DC /* FeedCell.swift in Sources */,
				045A85672A3BBE6E00D826DC /* ViewController.swift in Sources */,
				045A857B2A3BDA7100D826DC /* UploadViewController.swift in Sources */,
				045A85632A3BBE6E00D826DC /* AppDelegate.swift in Sources */,
				045A85792A3BDA5300D826DC /* FeedViewController.swift in Sources */,
				045A85652A3BBE6E00D826DC /* SceneDelegate.swift in Sources */,
				045A857D2A3BDA7D00D826DC /* SettingsViewController.swift in Sources */,
			);
			runOnlyForDeploymentPostprocessing = 0;
		};
		045A85972A4177F100D826DC /* Sources */ = {
			isa = PBXSourcesBuildPhase;
			buildActionMask = 2147483647;
			files = (
				045A85A02A4177F100D826DC /* NotificationService.swift in Sources */,
			);
			runOnlyForDeploymentPostprocessing = 0;
		};
/* End PBXSourcesBuildPhase section */

/* Begin PBXTargetDependency section */
		045A85A62A4177F100D826DC /* PBXTargetDependency */ = {
			isa = PBXTargetDependency;
			target = 045A859A2A4177F100D826DC /* OneSignalNotificationServiceExtension */;
			targetProxy = 045A85A52A4177F100D826DC /* PBXContainerItemProxy */;
		};
/* End PBXTargetDependency section */

/* Begin PBXVariantGroup section */
		045A85682A3BBE6E00D826DC /* Main.storyboard */ = {
			isa = PBXVariantGroup;
			children = (
				045A85692A3BBE6E00D826DC /* Base */,
			);
			name = Main.storyboard;
			sourceTree = "<group>";
		};
		045A856D2A3BBE6F00D826DC /* LaunchScreen.storyboard */ = {
			isa = PBXVariantGroup;
			children = (
				045A856E2A3BBE6F00D826DC /* Base */,
			);
			name = LaunchScreen.storyboard;
			sourceTree = "<group>";
		};
		045A85A12A4177F100D826DC /* MainInterface.storyboard */ = {
			isa = PBXVariantGroup;
			children = (
				045A85A22A4177F100D826DC /* Base */,
			);
			name = MainInterface.storyboard;
			sourceTree = "<group>";
		};
/* End PBXVariantGroup section */

/* Begin XCBuildConfiguration section */
		045A85712A3BBE6F00D826DC /* Debug */ = {
			isa = XCBuildConfiguration;
			buildSettings = {
				ALWAYS_SEARCH_USER_PATHS = NO;
				CLANG_ANALYZER_NONNULL = YES;
				CLANG_ANALYZER_NUMBER_OBJECT_CONVERSION = YES_AGGRESSIVE;
				CLANG_CXX_LANGUAGE_STANDARD = "gnu++20";
				CLANG_ENABLE_MODULES = YES;
				CLANG_ENABLE_OBJC_ARC = YES;
				CLANG_ENABLE_OBJC_WEAK = YES;
				CLANG_WARN_BLOCK_CAPTURE_AUTORELEASING = YES;
				CLANG_WARN_BOOL_CONVERSION = YES;
				CLANG_WARN_COMMA = YES;
				CLANG_WARN_CONSTANT_CONVERSION = YES;
				CLANG_WARN_DEPRECATED_OBJC_IMPLEMENTATIONS = YES;
				CLANG_WARN_DIRECT_OBJC_ISA_USAGE = YES_ERROR;
				CLANG_WARN_DOCUMENTATION_COMMENTS = YES;
				CLANG_WARN_EMPTY_BODY = YES;
				CLANG_WARN_ENUM_CONVERSION = YES;
				CLANG_WARN_INFINITE_RECURSION = YES;
				CLANG_WARN_INT_CONVERSION = YES;
				CLANG_WARN_NON_LITERAL_NULL_CONVERSION = YES;
				CLANG_WARN_OBJC_IMPLICIT_RETAIN_SELF = YES;
				CLANG_WARN_OBJC_LITERAL_CONVERSION = YES;
				CLANG_WARN_OBJC_ROOT_CLASS = YES_ERROR;
				CLANG_WARN_QUOTED_INCLUDE_IN_FRAMEWORK_HEADER = YES;
				CLANG_WARN_RANGE_LOOP_ANALYSIS = YES;
				CLANG_WARN_STRICT_PROTOTYPES = YES;
				CLANG_WARN_SUSPICIOUS_MOVE = YES;
				CLANG_WARN_UNGUARDED_AVAILABILITY = YES_AGGRESSIVE;
				CLANG_WARN_UNREACHABLE_CODE = YES;
				CLANG_WARN__DUPLICATE_METHOD_MATCH = YES;
				COPY_PHASE_STRIP = NO;
				DEBUG_INFORMATION_FORMAT = dwarf;
				ENABLE_STRICT_OBJC_MSGSEND = YES;
				ENABLE_TESTABILITY = YES;
				GCC_C_LANGUAGE_STANDARD = gnu11;
				GCC_DYNAMIC_NO_PIC = NO;
				GCC_NO_COMMON_BLOCKS = YES;
				GCC_OPTIMIZATION_LEVEL = 0;
				GCC_PREPROCESSOR_DEFINITIONS = (
					"DEBUG=1",
					"$(inherited)",
				);
				GCC_WARN_64_TO_32_BIT_CONVERSION = YES;
				GCC_WARN_ABOUT_RETURN_TYPE = YES_ERROR;
				GCC_WARN_UNDECLARED_SELECTOR = YES;
				GCC_WARN_UNINITIALIZED_AUTOS = YES_AGGRESSIVE;
				GCC_WARN_UNUSED_FUNCTION = YES;
				GCC_WARN_UNUSED_VARIABLE = YES;
				IPHONEOS_DEPLOYMENT_TARGET = 16.2;
				MTL_ENABLE_DEBUG_INFO = INCLUDE_SOURCE;
				MTL_FAST_MATH = YES;
				ONLY_ACTIVE_ARCH = YES;
				SDKROOT = iphoneos;
				SWIFT_ACTIVE_COMPILATION_CONDITIONS = DEBUG;
				SWIFT_OPTIMIZATION_LEVEL = "-Onone";
			};
			name = Debug;
		};
		045A85722A3BBE6F00D826DC /* Release */ = {
			isa = XCBuildConfiguration;
			buildSettings = {
				ALWAYS_SEARCH_USER_PATHS = NO;
				CLANG_ANALYZER_NONNULL = YES;
				CLANG_ANALYZER_NUMBER_OBJECT_CONVERSION = YES_AGGRESSIVE;
				CLANG_CXX_LANGUAGE_STANDARD = "gnu++20";
				CLANG_ENABLE_MODULES = YES;
				CLANG_ENABLE_OBJC_ARC = YES;
				CLANG_ENABLE_OBJC_WEAK = YES;
				CLANG_WARN_BLOCK_CAPTURE_AUTORELEASING = YES;
				CLANG_WARN_BOOL_CONVERSION = YES;
				CLANG_WARN_COMMA = YES;
				CLANG_WARN_CONSTANT_CONVERSION = YES;
				CLANG_WARN_DEPRECATED_OBJC_IMPLEMENTATIONS = YES;
				CLANG_WARN_DIRECT_OBJC_ISA_USAGE = YES_ERROR;
				CLANG_WARN_DOCUMENTATION_COMMENTS = YES;
				CLANG_WARN_EMPTY_BODY = YES;
				CLANG_WARN_ENUM_CONVERSION = YES;
				CLANG_WARN_INFINITE_RECURSION = YES;
				CLANG_WARN_INT_CONVERSION = YES;
				CLANG_WARN_NON_LITERAL_NULL_CONVERSION = YES;
				CLANG_WARN_OBJC_IMPLICIT_RETAIN_SELF = YES;
				CLANG_WARN_OBJC_LITERAL_CONVERSION = YES;
				CLANG_WARN_OBJC_ROOT_CLASS = YES_ERROR;
				CLANG_WARN_QUOTED_INCLUDE_IN_FRAMEWORK_HEADER = YES;
				CLANG_WARN_RANGE_LOOP_ANALYSIS = YES;
				CLANG_WARN_STRICT_PROTOTYPES = YES;
				CLANG_WARN_SUSPICIOUS_MOVE = YES;
				CLANG_WARN_UNGUARDED_AVAILABILITY = YES_AGGRESSIVE;
				CLANG_WARN_UNREACHABLE_CODE = YES;
				CLANG_WARN__DUPLICATE_METHOD_MATCH = YES;
				COPY_PHASE_STRIP = NO;
				DEBUG_INFORMATION_FORMAT = "dwarf-with-dsym";
				ENABLE_NS_ASSERTIONS = NO;
				ENABLE_STRICT_OBJC_MSGSEND = YES;
				GCC_C_LANGUAGE_STANDARD = gnu11;
				GCC_NO_COMMON_BLOCKS = YES;
				GCC_WARN_64_TO_32_BIT_CONVERSION = YES;
				GCC_WARN_ABOUT_RETURN_TYPE = YES_ERROR;
				GCC_WARN_UNDECLARED_SELECTOR = YES;
				GCC_WARN_UNINITIALIZED_AUTOS = YES_AGGRESSIVE;
				GCC_WARN_UNUSED_FUNCTION = YES;
				GCC_WARN_UNUSED_VARIABLE = YES;
				IPHONEOS_DEPLOYMENT_TARGET = 16.2;
				MTL_ENABLE_DEBUG_INFO = NO;
				MTL_FAST_MATH = YES;
				SDKROOT = iphoneos;
				SWIFT_COMPILATION_MODE = wholemodule;
				SWIFT_OPTIMIZATION_LEVEL = "-O";
				VALIDATE_PRODUCT = YES;
			};
			name = Release;
		};
		045A85742A3BBE6F00D826DC /* Debug */ = {
			isa = XCBuildConfiguration;
			baseConfigurationReference = B1D5677C03C079F89AE8783A /* Pods-InstaCloneFirebase.debug.xcconfig */;
			buildSettings = {
				ALWAYS_EMBED_SWIFT_STANDARD_LIBRARIES = YES;
				ASSETCATALOG_COMPILER_APPICON_NAME = AppIcon;
				ASSETCATALOG_COMPILER_GLOBAL_ACCENT_COLOR_NAME = AccentColor;
				CODE_SIGN_ENTITLEMENTS = InstaCloneFirebase/InstaCloneFirebase.entitlements;
				CODE_SIGN_STYLE = Automatic;
				CURRENT_PROJECT_VERSION = 1;
				DEVELOPMENT_TEAM = 3GMX548AG5;
				GENERATE_INFOPLIST_FILE = YES;
				INFOPLIST_FILE = InstaCloneFirebase/Info.plist;
				INFOPLIST_KEY_NSPhotoLibraryUsageDescription = "To Choose a Photo";
				INFOPLIST_KEY_UIApplicationSupportsIndirectInputEvents = YES;
				INFOPLIST_KEY_UILaunchStoryboardName = LaunchScreen.storyboard;
				INFOPLIST_KEY_UIMainStoryboardFile = Main;
				INFOPLIST_KEY_UISupportedInterfaceOrientations_iPad = "UIInterfaceOrientationPortrait UIInterfaceOrientationPortraitUpsideDown UIInterfaceOrientationLandscapeLeft UIInterfaceOrientationLandscapeRight";
				INFOPLIST_KEY_UISupportedInterfaceOrientations_iPhone = "UIInterfaceOrientationPortrait UIInterfaceOrientationLandscapeLeft UIInterfaceOrientationLandscapeRight";
				LD_RUNPATH_SEARCH_PATHS = (
					"$(inherited)",
					"@executable_path/Frameworks",
				);
				MARKETING_VERSION = 1.0;
				PRODUCT_BUNDLE_IDENTIFIER = com.xuechunh.InstaCloneFirebase;
				PRODUCT_NAME = "$(TARGET_NAME)";
				SWIFT_EMIT_LOC_STRINGS = YES;
				SWIFT_VERSION = 5.0;
				TARGETED_DEVICE_FAMILY = "1,2";
			};
			name = Debug;
		};
		045A85752A3BBE6F00D826DC /* Release */ = {
			isa = XCBuildConfiguration;
			baseConfigurationReference = CE342B2AB8E560EFB05F15A6 /* Pods-InstaCloneFirebase.release.xcconfig */;
			buildSettings = {
				ALWAYS_EMBED_SWIFT_STANDARD_LIBRARIES = YES;
				ASSETCATALOG_COMPILER_APPICON_NAME = AppIcon;
				ASSETCATALOG_COMPILER_GLOBAL_ACCENT_COLOR_NAME = AccentColor;
				CODE_SIGN_ENTITLEMENTS = InstaCloneFirebase/InstaCloneFirebase.entitlements;
				CODE_SIGN_STYLE = Automatic;
				CURRENT_PROJECT_VERSION = 1;
				DEVELOPMENT_TEAM = 3GMX548AG5;
				GENERATE_INFOPLIST_FILE = YES;
				INFOPLIST_FILE = InstaCloneFirebase/Info.plist;
				INFOPLIST_KEY_NSPhotoLibraryUsageDescription = "To Choose a Photo";
				INFOPLIST_KEY_UIApplicationSupportsIndirectInputEvents = YES;
				INFOPLIST_KEY_UILaunchStoryboardName = LaunchScreen.storyboard;
				INFOPLIST_KEY_UIMainStoryboardFile = Main;
				INFOPLIST_KEY_UISupportedInterfaceOrientations_iPad = "UIInterfaceOrientationPortrait UIInterfaceOrientationPortraitUpsideDown UIInterfaceOrientationLandscapeLeft UIInterfaceOrientationLandscapeRight";
				INFOPLIST_KEY_UISupportedInterfaceOrientations_iPhone = "UIInterfaceOrientationPortrait UIInterfaceOrientationLandscapeLeft UIInterfaceOrientationLandscapeRight";
				LD_RUNPATH_SEARCH_PATHS = (
					"$(inherited)",
					"@executable_path/Frameworks",
				);
				MARKETING_VERSION = 1.0;
				PRODUCT_BUNDLE_IDENTIFIER = com.xuechunh.InstaCloneFirebase;
				PRODUCT_NAME = "$(TARGET_NAME)";
				SWIFT_EMIT_LOC_STRINGS = YES;
				SWIFT_VERSION = 5.0;
				TARGETED_DEVICE_FAMILY = "1,2";
			};
			name = Release;
		};
		045A85A92A4177F100D826DC /* Debug */ = {
			isa = XCBuildConfiguration;
			baseConfigurationReference = FE834C06CE7DE0C6DF3F2C86 /* Pods-OneSignalNotificationServiceExtension.debug.xcconfig */;
			buildSettings = {
				CODE_SIGN_STYLE = Automatic;
				CURRENT_PROJECT_VERSION = 1;
				DEVELOPMENT_TEAM = 3GMX548AG5;
				GENERATE_INFOPLIST_FILE = YES;
				INFOPLIST_FILE = OneSignalNotificationServiceExtension/Info.plist;
				INFOPLIST_KEY_CFBundleDisplayName = OneSignalNotificationServiceExtension;
				INFOPLIST_KEY_NSHumanReadableCopyright = "";
				LD_RUNPATH_SEARCH_PATHS = (
					"$(inherited)",
					"@executable_path/Frameworks",
					"@executable_path/../../Frameworks",
				);
				MARKETING_VERSION = 1.0;
				PRODUCT_BUNDLE_IDENTIFIER = com.xuechunh.InstaCloneFirebase.OneSignalNotificationServiceExtension;
				PRODUCT_NAME = "$(TARGET_NAME)";
				SKIP_INSTALL = YES;
				SWIFT_EMIT_LOC_STRINGS = YES;
				SWIFT_VERSION = 5.0;
				TARGETED_DEVICE_FAMILY = "1,2";
			};
			name = Debug;
		};
		045A85AA2A4177F100D826DC /* Release */ = {
			isa = XCBuildConfiguration;
			baseConfigurationReference = 49FA0A569E64D5056F862795 /* Pods-OneSignalNotificationServiceExtension.release.xcconfig */;
			buildSettings = {
				CODE_SIGN_STYLE = Automatic;
				CURRENT_PROJECT_VERSION = 1;
				DEVELOPMENT_TEAM = 3GMX548AG5;
				GENERATE_INFOPLIST_FILE = YES;
				INFOPLIST_FILE = OneSignalNotificationServiceExtension/Info.plist;
				INFOPLIST_KEY_CFBundleDisplayName = OneSignalNotificationServiceExtension;
				INFOPLIST_KEY_NSHumanReadableCopyright = "";
				LD_RUNPATH_SEARCH_PATHS = (
					"$(inherited)",
					"@executable_path/Frameworks",
					"@executable_path/../../Frameworks",
				);
				MARKETING_VERSION = 1.0;
				PRODUCT_BUNDLE_IDENTIFIER = com.xuechunh.InstaCloneFirebase.OneSignalNotificationServiceExtension;
				PRODUCT_NAME = "$(TARGET_NAME)";
				SKIP_INSTALL = YES;
				SWIFT_EMIT_LOC_STRINGS = YES;
				SWIFT_VERSION = 5.0;
				TARGETED_DEVICE_FAMILY = "1,2";
			};
			name = Release;
		};
/* End XCBuildConfiguration section */

/* Begin XCConfigurationList section */
		045A855A2A3BBE6E00D826DC /* Build configuration list for PBXProject "InstaCloneFirebase" */ = {
			isa = XCConfigurationList;
			buildConfigurations = (
				045A85712A3BBE6F00D826DC /* Debug */,
				045A85722A3BBE6F00D826DC /* Release */,
			);
			defaultConfigurationIsVisible = 0;
			defaultConfigurationName = Release;
		};
		045A85732A3BBE6F00D826DC /* Build configuration list for PBXNativeTarget "InstaCloneFirebase" */ = {
			isa = XCConfigurationList;
			buildConfigurations = (
				045A85742A3BBE6F00D826DC /* Debug */,
				045A85752A3BBE6F00D826DC /* Release */,
			);
			defaultConfigurationIsVisible = 0;
			defaultConfigurationName = Release;
		};
		045A85A82A4177F100D826DC /* Build configuration list for PBXNativeTarget "OneSignalNotificationServiceExtension" */ = {
			isa = XCConfigurationList;
			buildConfigurations = (
				045A85A92A4177F100D826DC /* Debug */,
				045A85AA2A4177F100D826DC /* Release */,
			);
			defaultConfigurationIsVisible = 0;
			defaultConfigurationName = Release;
		};
/* End XCConfigurationList section */
	};
	rootObject = 045A85572A3BBE6E00D826DC /* Project object */;
}
